
Microsoft Visual Studio Solution File, Format Version 12.00
# Visual Studio Version 17
VisualStudioVersion = 17.9.34902.65
MinimumVisualStudioVersion = 10.0.40219.1
Project("{FAE04EC0-301F-11D3-BF4B-00C04F79EFBC}") = "WinFormsApp1", "WinFormsApp1\WinFormsApp1.csproj", "{A58B7179-2300-4463-A611-9107D0A418D2}"
EndProject
Global
	GlobalSection(SolutionConfigurationPlatforms) = preSolution
		Debug|Any CPU = Debug|Any CPU
		Release|Any CPU = Release|Any CPU
	EndGlobalSection
	GlobalSection(ProjectConfigurationPlatforms) = postSolution
		{A58B7179-2300-4463-A611-9107D0A418D2}.Debug|Any CPU.ActiveCfg = Debug|Any CPU
		{A58B7179-2300-4463-A611-9107D0A418D2}.Debug|Any CPU.Build.0 = Debug|Any CPU
		{A58B7179-2300-4463-A611-9107D0A418D2}.Release|Any CPU.ActiveCfg = Release|Any CPU
		{A58B7179-2300-4463-A611-9107D0A418D2}.Release|Any CPU.Build.0 = Release|Any CPU
	EndGlobalSection
	GlobalSection(SolutionProperties) = preSolution
		HideSolutionNode = FALSE
	EndGlobalSection
	GlobalSection(ExtensibilityGlobals) = postSolution
		SolutionGuid = {0956A6C8-D52E-4E5D-8CF7-8E9A097B9726}
	EndGlobalSection
EndGlobal
